
Microsoft Visual Studio Solution File, Format Version 12.00
# Visual Studio Version 16
VisualStudioVersion = 16.0.29806.167
MinimumVisualStudioVersion = 10.0.40219.1
Project("{9A19103F-16F7-4668-BE54-9A1E7A4F7556}") = "Medic.FileImport", "Medic.StartUp\Medic.FileImport.csproj", "{1F1D242B-A382-430E-8CBC-0EEBC1C74122}"
EndProject
Project("{9A19103F-16F7-4668-BE54-9A1E7A4F7556}") = "Medic.Models", "Medic.Models\Medic.Models.csproj", "{BC4F1BCB-3224-4E3F-A8DD-13244C4060CC}"
EndProject
Project("{9A19103F-16F7-4668-BE54-9A1E7A4F7556}") = "Medic.Entities", "Medic.Entities\Medic.Entities.csproj", "{0B9312F6-A896-4135-9EEA-CAEE7B8CDF8B}"
EndProject
Project("{9A19103F-16F7-4668-BE54-9A1E7A4F7556}") = "Medic.Contexts", "Medic.Contexts\Medic.Contexts.csproj", "{E2F51D7F-4326-4CC5-B999-A1A00F4742E8}"
EndProject
Project("{9A19103F-16F7-4668-BE54-9A1E7A4F7556}") = "Medic.Mappers", "Medic.Mappers\Medic.Mappers.csproj", "{47E3CF04-1440-4DAE-9B00-5F07808780AE}"
EndProject
Project("{9A19103F-16F7-4668-BE54-9A1E7A4F7556}") = "Medic.Import", "Medic.Import\Medic.Import.csproj", "{E21F3BEA-49D4-4A2C-AEAB-1CDD15821698}"
EndProject
Project("{9A19103F-16F7-4668-BE54-9A1E7A4F7556}") = "Medic.App", "Medic.App\Medic.App.csproj", "{E2E19DD2-9542-4A36-AD37-1FA506C76D2E}"
EndProject
Project("{9A19103F-16F7-4668-BE54-9A1E7A4F7556}") = "Medic.Services", "Medic.Services\Medic.Services.csproj", "{437492F3-080E-4AF3-A5ED-7D5BC90EE979}"
EndProject
Project("{9A19103F-16F7-4668-BE54-9A1E7A4F7556}") = "Medic.Infrastructure", "Medic.Infrastructure\Medic.Infrastructure.csproj", "{9B4D288C-D7CF-4DFA-8EBA-CA6A24B2A8AD}"
EndProject
Project("{FAE04EC0-301F-11D3-BF4B-00C04F79EFBC}") = "Medic.AppModels", "Medic.AppModels\Medic.AppModels.csproj", "{B309DAC1-0BFB-4884-981D-512C3C9F6F25}"
EndProject
Global
	GlobalSection(SolutionConfigurationPlatforms) = preSolution
		Debug|Any CPU = Debug|Any CPU
		Release|Any CPU = Release|Any CPU
	EndGlobalSection
	GlobalSection(ProjectConfigurationPlatforms) = postSolution
		{1F1D242B-A382-430E-8CBC-0EEBC1C74122}.Debug|Any CPU.ActiveCfg = Debug|Any CPU
		{1F1D242B-A382-430E-8CBC-0EEBC1C74122}.Debug|Any CPU.Build.0 = Debug|Any CPU
		{1F1D242B-A382-430E-8CBC-0EEBC1C74122}.Release|Any CPU.ActiveCfg = Release|Any CPU
		{1F1D242B-A382-430E-8CBC-0EEBC1C74122}.Release|Any CPU.Build.0 = Release|Any CPU
		{BC4F1BCB-3224-4E3F-A8DD-13244C4060CC}.Debug|Any CPU.ActiveCfg = Debug|Any CPU
		{BC4F1BCB-3224-4E3F-A8DD-13244C4060CC}.Debug|Any CPU.Build.0 = Debug|Any CPU
		{BC4F1BCB-3224-4E3F-A8DD-13244C4060CC}.Release|Any CPU.ActiveCfg = Release|Any CPU
		{BC4F1BCB-3224-4E3F-A8DD-13244C4060CC}.Release|Any CPU.Build.0 = Release|Any CPU
		{0B9312F6-A896-4135-9EEA-CAEE7B8CDF8B}.Debug|Any CPU.ActiveCfg = Debug|Any CPU
		{0B9312F6-A896-4135-9EEA-CAEE7B8CDF8B}.Debug|Any CPU.Build.0 = Debug|Any CPU
		{0B9312F6-A896-4135-9EEA-CAEE7B8CDF8B}.Release|Any CPU.ActiveCfg = Release|Any CPU
		{0B9312F6-A896-4135-9EEA-CAEE7B8CDF8B}.Release|Any CPU.Build.0 = Release|Any CPU
		{E2F51D7F-4326-4CC5-B999-A1A00F4742E8}.Debug|Any CPU.ActiveCfg = Debug|Any CPU
		{E2F51D7F-4326-4CC5-B999-A1A00F4742E8}.Debug|Any CPU.Build.0 = Debug|Any CPU
		{E2F51D7F-4326-4CC5-B999-A1A00F4742E8}.Release|Any CPU.ActiveCfg = Release|Any CPU
		{E2F51D7F-4326-4CC5-B999-A1A00F4742E8}.Release|Any CPU.Build.0 = Release|Any CPU
		{47E3CF04-1440-4DAE-9B00-5F07808780AE}.Debug|Any CPU.ActiveCfg = Debug|Any CPU
		{47E3CF04-1440-4DAE-9B00-5F07808780AE}.Debug|Any CPU.Build.0 = Debug|Any CPU
		{47E3CF04-1440-4DAE-9B00-5F07808780AE}.Release|Any CPU.ActiveCfg = Release|Any CPU
		{47E3CF04-1440-4DAE-9B00-5F07808780AE}.Release|Any CPU.Build.0 = Release|Any CPU
		{E21F3BEA-49D4-4A2C-AEAB-1CDD15821698}.Debug|Any CPU.ActiveCfg = Debug|Any CPU
		{E21F3BEA-49D4-4A2C-AEAB-1CDD15821698}.Debug|Any CPU.Build.0 = Debug|Any CPU
		{E21F3BEA-49D4-4A2C-AEAB-1CDD15821698}.Release|Any CPU.ActiveCfg = Release|Any CPU
		{E21F3BEA-49D4-4A2C-AEAB-1CDD15821698}.Release|Any CPU.Build.0 = Release|Any CPU
		{E2E19DD2-9542-4A36-AD37-1FA506C76D2E}.Debug|Any CPU.ActiveCfg = Debug|Any CPU
		{E2E19DD2-9542-4A36-AD37-1FA506C76D2E}.Debug|Any CPU.Build.0 = Debug|Any CPU
		{E2E19DD2-9542-4A36-AD37-1FA506C76D2E}.Release|Any CPU.ActiveCfg = Release|Any CPU
		{E2E19DD2-9542-4A36-AD37-1FA506C76D2E}.Release|Any CPU.Build.0 = Release|Any CPU
		{437492F3-080E-4AF3-A5ED-7D5BC90EE979}.Debug|Any CPU.ActiveCfg = Debug|Any CPU
		{437492F3-080E-4AF3-A5ED-7D5BC90EE979}.Debug|Any CPU.Build.0 = Debug|Any CPU
		{437492F3-080E-4AF3-A5ED-7D5BC90EE979}.Release|Any CPU.ActiveCfg = Release|Any CPU
		{437492F3-080E-4AF3-A5ED-7D5BC90EE979}.Release|Any CPU.Build.0 = Release|Any CPU
		{9B4D288C-D7CF-4DFA-8EBA-CA6A24B2A8AD}.Debug|Any CPU.ActiveCfg = Debug|Any CPU
		{9B4D288C-D7CF-4DFA-8EBA-CA6A24B2A8AD}.Debug|Any CPU.Build.0 = Debug|Any CPU
		{9B4D288C-D7CF-4DFA-8EBA-CA6A24B2A8AD}.Release|Any CPU.ActiveCfg = Release|Any CPU
		{9B4D288C-D7CF-4DFA-8EBA-CA6A24B2A8AD}.Release|Any CPU.Build.0 = Release|Any CPU
		{B309DAC1-0BFB-4884-981D-512C3C9F6F25}.Debug|Any CPU.ActiveCfg = Debug|Any CPU
		{B309DAC1-0BFB-4884-981D-512C3C9F6F25}.Debug|Any CPU.Build.0 = Debug|Any CPU
		{B309DAC1-0BFB-4884-981D-512C3C9F6F25}.Release|Any CPU.ActiveCfg = Release|Any CPU
		{B309DAC1-0BFB-4884-981D-512C3C9F6F25}.Release|Any CPU.Build.0 = Release|Any CPU
	EndGlobalSection
	GlobalSection(SolutionProperties) = preSolution
		HideSolutionNode = FALSE
	EndGlobalSection
	GlobalSection(ExtensibilityGlobals) = postSolution
		SolutionGuid = {3EC159F6-DD5F-46F1-8CC8-2ECA88452B72}
	EndGlobalSection
EndGlobal
